
Microsoft Visual Studio Solution File, Format Version 12.00
# Visual Studio Version 17
VisualStudioVersion = 17.9.34607.119
MinimumVisualStudioVersion = 10.0.40219.1
Project("{8BC9CEB8-8B4A-11D0-8D11-00A0C91BC942}") = "drawTriangle", "drawTriangle.vcxproj", "{C521B949-F15E-42F7-ADE1-9163266E5376}"
EndProject
Global
	GlobalSection(SolutionConfigurationPlatforms) = preSolution
		Debug|x64 = Debug|x64
		Debug|x86 = Debug|x86
		Release|x64 = Release|x64
		Release|x86 = Release|x86
	EndGlobalSection
	GlobalSection(ProjectConfigurationPlatforms) = postSolution
		{C521B949-F15E-42F7-ADE1-9163266E5376}.Debug|x64.ActiveCfg = Debug|x64
		{C521B949-F15E-42F7-ADE1-9163266E5376}.Debug|x64.Build.0 = Debug|x64
		{C521B949-F15E-42F7-ADE1-9163266E5376}.Debug|x86.ActiveCfg = Debug|Win32
		{C521B949-F15E-42F7-ADE1-9163266E5376}.Debug|x86.Build.0 = Debug|Win32
		{C521B949-F15E-42F7-ADE1-9163266E5376}.Release|x64.ActiveCfg = Release|x64
		{C521B949-F15E-42F7-ADE1-9163266E5376}.Release|x64.Build.0 = Release|x64
		{C521B949-F15E-42F7-ADE1-9163266E5376}.Release|x86.ActiveCfg = Release|Win32
		{C521B949-F15E-42F7-ADE1-9163266E5376}.Release|x86.Build.0 = Release|Win32
	EndGlobalSection
	GlobalSection(SolutionProperties) = preSolution
		HideSolutionNode = FALSE
	EndGlobalSection
	GlobalSection(ExtensibilityGlobals) = postSolution
		SolutionGuid = {4594489B-6426-4C02-A576-727CE573FDC8}
	EndGlobalSection
EndGlobal
