
Microsoft Visual Studio Solution File, Format Version 12.00
# Visual Studio Version 17
VisualStudioVersion = 17.9.34607.119
MinimumVisualStudioVersion = 10.0.40219.1
Project("{8BC9CEB8-8B4A-11D0-8D11-00A0C91BC942}") = "OOP", "OOP.vcxproj", "{A173606C-81A9-4498-AAE3-6B36DDD09140}"
EndProject
Global
	GlobalSection(SolutionConfigurationPlatforms) = preSolution
		Debug|x64 = Debug|x64
		Debug|x86 = Debug|x86
		Release|x64 = Release|x64
		Release|x86 = Release|x86
	EndGlobalSection
	GlobalSection(ProjectConfigurationPlatforms) = postSolution
		{A173606C-81A9-4498-AAE3-6B36DDD09140}.Debug|x64.ActiveCfg = Debug|x64
		{A173606C-81A9-4498-AAE3-6B36DDD09140}.Debug|x64.Build.0 = Debug|x64
		{A173606C-81A9-4498-AAE3-6B36DDD09140}.Debug|x86.ActiveCfg = Debug|Win32
		{A173606C-81A9-4498-AAE3-6B36DDD09140}.Debug|x86.Build.0 = Debug|Win32
		{A173606C-81A9-4498-AAE3-6B36DDD09140}.Release|x64.ActiveCfg = Release|x64
		{A173606C-81A9-4498-AAE3-6B36DDD09140}.Release|x64.Build.0 = Release|x64
		{A173606C-81A9-4498-AAE3-6B36DDD09140}.Release|x86.ActiveCfg = Release|Win32
		{A173606C-81A9-4498-AAE3-6B36DDD09140}.Release|x86.Build.0 = Release|Win32
	EndGlobalSection
	GlobalSection(SolutionProperties) = preSolution
		HideSolutionNode = FALSE
	EndGlobalSection
	GlobalSection(ExtensibilityGlobals) = postSolution
		SolutionGuid = {E81EA643-084F-4009-B30A-AEC53A0F2307}
	EndGlobalSection
EndGlobal
