
Microsoft Visual Studio Solution File, Format Version 12.00
# Visual Studio Version 17
VisualStudioVersion = 17.9.34607.119
MinimumVisualStudioVersion = 10.0.40219.1
Project("{8BC9CEB8-8B4A-11D0-8D11-00A0C91BC942}") = "conditionals", "conditionals.vcxproj", "{C6F206EC-305D-4ED1-BC35-B846D5FE9BED}"
EndProject
Global
	GlobalSection(SolutionConfigurationPlatforms) = preSolution
		Debug|x64 = Debug|x64
		Debug|x86 = Debug|x86
		Release|x64 = Release|x64
		Release|x86 = Release|x86
	EndGlobalSection
	GlobalSection(ProjectConfigurationPlatforms) = postSolution
		{C6F206EC-305D-4ED1-BC35-B846D5FE9BED}.Debug|x64.ActiveCfg = Debug|x64
		{C6F206EC-305D-4ED1-BC35-B846D5FE9BED}.Debug|x64.Build.0 = Debug|x64
		{C6F206EC-305D-4ED1-BC35-B846D5FE9BED}.Debug|x86.ActiveCfg = Debug|Win32
		{C6F206EC-305D-4ED1-BC35-B846D5FE9BED}.Debug|x86.Build.0 = Debug|Win32
		{C6F206EC-305D-4ED1-BC35-B846D5FE9BED}.Release|x64.ActiveCfg = Release|x64
		{C6F206EC-305D-4ED1-BC35-B846D5FE9BED}.Release|x64.Build.0 = Release|x64
		{C6F206EC-305D-4ED1-BC35-B846D5FE9BED}.Release|x86.ActiveCfg = Release|Win32
		{C6F206EC-305D-4ED1-BC35-B846D5FE9BED}.Release|x86.Build.0 = Release|Win32
	EndGlobalSection
	GlobalSection(SolutionProperties) = preSolution
		HideSolutionNode = FALSE
	EndGlobalSection
	GlobalSection(ExtensibilityGlobals) = postSolution
		SolutionGuid = {968E6680-4394-44F9-BCF2-5B39CB3CE6D3}
	EndGlobalSection
EndGlobal
