
Microsoft Visual Studio Solution File, Format Version 12.00
# Visual Studio Version 17
VisualStudioVersion = 17.9.34607.119
MinimumVisualStudioVersion = 10.0.40219.1
Project("{8BC9CEB8-8B4A-11D0-8D11-00A0C91BC942}") = "drawRectangle", "drawRectangle.vcxproj", "{95260BAE-DAAC-42FA-9604-8EB0D791025B}"
EndProject
Global
	GlobalSection(SolutionConfigurationPlatforms) = preSolution
		Debug|x64 = Debug|x64
		Debug|x86 = Debug|x86
		Release|x64 = Release|x64
		Release|x86 = Release|x86
	EndGlobalSection
	GlobalSection(ProjectConfigurationPlatforms) = postSolution
		{95260BAE-DAAC-42FA-9604-8EB0D791025B}.Debug|x64.ActiveCfg = Debug|x64
		{95260BAE-DAAC-42FA-9604-8EB0D791025B}.Debug|x64.Build.0 = Debug|x64
		{95260BAE-DAAC-42FA-9604-8EB0D791025B}.Debug|x86.ActiveCfg = Debug|Win32
		{95260BAE-DAAC-42FA-9604-8EB0D791025B}.Debug|x86.Build.0 = Debug|Win32
		{95260BAE-DAAC-42FA-9604-8EB0D791025B}.Release|x64.ActiveCfg = Release|x64
		{95260BAE-DAAC-42FA-9604-8EB0D791025B}.Release|x64.Build.0 = Release|x64
		{95260BAE-DAAC-42FA-9604-8EB0D791025B}.Release|x86.ActiveCfg = Release|Win32
		{95260BAE-DAAC-42FA-9604-8EB0D791025B}.Release|x86.Build.0 = Release|Win32
	EndGlobalSection
	GlobalSection(SolutionProperties) = preSolution
		HideSolutionNode = FALSE
	EndGlobalSection
	GlobalSection(ExtensibilityGlobals) = postSolution
		SolutionGuid = {4CBCC3B8-24B5-4562-B01C-1467D03AE615}
	EndGlobalSection
EndGlobal
